<Solution>
  <Folder Name="/SolutionItems/">
    <File Path=".editorconfig" />
    <File Path=".gitignore" />
    <File Path="Directory.Build.props" />
    <File Path="Directory.Packages.props" />
    <File Path="global.json" />
  </Folder>
  <Project Path="src\WordMD\WordMD.csproj" Type="C#" />
  <Project Path="tests\WordMD.Tests\WordMD.Tests.csproj" Type="C#" />
  <Properties Name="Visual Studio">
    <Property Name="OpenWith" Value="Visual Studio Version 17" />
  </Properties>
</Solution>
